
Microsoft Visual Studio Solution File, Format Version 12.00
# Visual Studio Version 17
VisualStudioVersion = 17.14.36310.24 d17.14
MinimumVisualStudioVersion = 10.0.40219.1
Project("{8BC9CEB8-8B4A-11D0-8D11-00A0C91BC942}") = "shuffelOered", "shuffelOered\shuffelOered.vcxproj", "{C096DAD2-AA58-44B8-A388-BCFC7F4E399F}"
EndProject
Global
	GlobalSection(SolutionConfigurationPlatforms) = preSolution
		Debug|x64 = Debug|x64
		Debug|x86 = Debug|x86
		Release|x64 = Release|x64
		Release|x86 = Release|x86
	EndGlobalSection
	GlobalSection(ProjectConfigurationPlatforms) = postSolution
		{C096DAD2-AA58-44B8-A388-BCFC7F4E399F}.Debug|x64.ActiveCfg = Debug|x64
		{C096DAD2-AA58-44B8-A388-BCFC7F4E399F}.Debug|x64.Build.0 = Debug|x64
		{C096DAD2-AA58-44B8-A388-BCFC7F4E399F}.Debug|x86.ActiveCfg = Debug|Win32
		{C096DAD2-AA58-44B8-A388-BCFC7F4E399F}.Debug|x86.Build.0 = Debug|Win32
		{C096DAD2-AA58-44B8-A388-BCFC7F4E399F}.Release|x64.ActiveCfg = Release|x64
		{C096DAD2-AA58-44B8-A388-BCFC7F4E399F}.Release|x64.Build.0 = Release|x64
		{C096DAD2-AA58-44B8-A388-BCFC7F4E399F}.Release|x86.ActiveCfg = Release|Win32
		{C096DAD2-AA58-44B8-A388-BCFC7F4E399F}.Release|x86.Build.0 = Release|Win32
	EndGlobalSection
	GlobalSection(SolutionProperties) = preSolution
		HideSolutionNode = FALSE
	EndGlobalSection
	GlobalSection(ExtensibilityGlobals) = postSolution
		SolutionGuid = {0C631F50-F50B-43EA-BB57-EB4C424CAEE4}
	EndGlobalSection
EndGlobal
