
Microsoft Visual Studio Solution File, Format Version 12.00
# Visual Studio Version 17
VisualStudioVersion = 17.14.36310.24 d17.14
MinimumVisualStudioVersion = 10.0.40219.1
Project("{8BC9CEB8-8B4A-11D0-8D11-00A0C91BC942}") = "Float Format (printf)", "Float Format (printf)\Float Format (printf).vcxproj", "{DBCB7E91-45DE-4E77-AD2E-C2BD550998CB}"
EndProject
Global
	GlobalSection(SolutionConfigurationPlatforms) = preSolution
		Debug|x64 = Debug|x64
		Debug|x86 = Debug|x86
		Release|x64 = Release|x64
		Release|x86 = Release|x86
	EndGlobalSection
	GlobalSection(ProjectConfigurationPlatforms) = postSolution
		{DBCB7E91-45DE-4E77-AD2E-C2BD550998CB}.Debug|x64.ActiveCfg = Debug|x64
		{DBCB7E91-45DE-4E77-AD2E-C2BD550998CB}.Debug|x64.Build.0 = Debug|x64
		{DBCB7E91-45DE-4E77-AD2E-C2BD550998CB}.Debug|x86.ActiveCfg = Debug|Win32
		{DBCB7E91-45DE-4E77-AD2E-C2BD550998CB}.Debug|x86.Build.0 = Debug|Win32
		{DBCB7E91-45DE-4E77-AD2E-C2BD550998CB}.Release|x64.ActiveCfg = Release|x64
		{DBCB7E91-45DE-4E77-AD2E-C2BD550998CB}.Release|x64.Build.0 = Release|x64
		{DBCB7E91-45DE-4E77-AD2E-C2BD550998CB}.Release|x86.ActiveCfg = Release|Win32
		{DBCB7E91-45DE-4E77-AD2E-C2BD550998CB}.Release|x86.Build.0 = Release|Win32
	EndGlobalSection
	GlobalSection(SolutionProperties) = preSolution
		HideSolutionNode = FALSE
	EndGlobalSection
	GlobalSection(ExtensibilityGlobals) = postSolution
		SolutionGuid = {17C15AA8-65DE-413C-ACF7-F9F738AE5A28}
	EndGlobalSection
EndGlobal
